
Microsoft Visual Studio Solution File, Format Version 12.00
# Visual Studio Version 16
VisualStudioVersion = 16.0.30804.86
MinimumVisualStudioVersion = 10.0.40219.1
Project("{8BC9CEB8-8B4A-11D0-8D11-00A0C91BC942}") = "Sandbox", "Sandbox\Sandbox.vcxproj", "{2054A903-18DF-4CB0-BBB8-E12BA627CB03}"
EndProject
Project("{8BC9CEB8-8B4A-11D0-8D11-00A0C91BC942}") = "Keltica", "Keltica\Keltica.vcxproj", "{68D6A34A-76F5-4EC2-8156-913A0B468A3A}"
EndProject
Global
	GlobalSection(SolutionConfigurationPlatforms) = preSolution
		Debug|x64 = Debug|x64
		Debug|x86 = Debug|x86
		Release|x64 = Release|x64
		Release|x86 = Release|x86
	EndGlobalSection
	GlobalSection(ProjectConfigurationPlatforms) = postSolution
		{2054A903-18DF-4CB0-BBB8-E12BA627CB03}.Debug|x64.ActiveCfg = Debug|x64
		{2054A903-18DF-4CB0-BBB8-E12BA627CB03}.Debug|x64.Build.0 = Debug|x64
		{2054A903-18DF-4CB0-BBB8-E12BA627CB03}.Debug|x86.ActiveCfg = Debug|x64
		{2054A903-18DF-4CB0-BBB8-E12BA627CB03}.Debug|x86.Build.0 = Debug|x64
		{2054A903-18DF-4CB0-BBB8-E12BA627CB03}.Release|x64.ActiveCfg = Release|x64
		{2054A903-18DF-4CB0-BBB8-E12BA627CB03}.Release|x64.Build.0 = Release|x64
		{2054A903-18DF-4CB0-BBB8-E12BA627CB03}.Release|x86.ActiveCfg = Release|x64
		{68D6A34A-76F5-4EC2-8156-913A0B468A3A}.Debug|x64.ActiveCfg = Debug|x64
		{68D6A34A-76F5-4EC2-8156-913A0B468A3A}.Debug|x64.Build.0 = Debug|x64
		{68D6A34A-76F5-4EC2-8156-913A0B468A3A}.Debug|x86.ActiveCfg = Debug|x64
		{68D6A34A-76F5-4EC2-8156-913A0B468A3A}.Debug|x86.Build.0 = Debug|x64
		{68D6A34A-76F5-4EC2-8156-913A0B468A3A}.Release|x64.ActiveCfg = Release|x64
		{68D6A34A-76F5-4EC2-8156-913A0B468A3A}.Release|x64.Build.0 = Release|x64
		{68D6A34A-76F5-4EC2-8156-913A0B468A3A}.Release|x86.ActiveCfg = Release|x64
	EndGlobalSection
	GlobalSection(SolutionProperties) = preSolution
		HideSolutionNode = FALSE
	EndGlobalSection
	GlobalSection(ExtensibilityGlobals) = postSolution
		SolutionGuid = {A5F548CD-5CD5-4454-A800-5810FBC2C677}
	EndGlobalSection
EndGlobal
