<?xml version="1.0" encoding="utf-8"?>
<Project ToolsVersion="4.0" xmlns="http://schemas.microsoft.com/developer/msbuild/2003">
  <ItemGroup>
    <Filter Include="Keltica">
      <UniqueIdentifier>{A22F8C84-0E0F-0B20-1727-96F683857181}</UniqueIdentifier>
    </Filter>
  </ItemGroup>
  <ItemGroup>
    <ClInclude Include="src\Keltica.h" />
    <ClInclude Include="src\Keltica\Application.h">
      <Filter>Keltica</Filter>
    </ClInclude>
    <ClInclude Include="src\Keltica\Core.h">
      <Filter>Keltica</Filter>
    </ClInclude>
    <ClInclude Include="src\Keltica\EntryPoint.h">
      <Filter>Keltica</Filter>
    </ClInclude>
    <ClInclude Include="src\Keltica\Log.h">
      <Filter>Keltica</Filter>
    </ClInclude>
  </ItemGroup>
  <ItemGroup>
    <ClCompile Include="src\Keltica\Application.cpp">
      <Filter>Keltica</Filter>
    </ClCompile>
    <ClCompile Include="src\Keltica\Log.cpp">
      <Filter>Keltica</Filter>
    </ClCompile>
  </ItemGroup>
</Project>